
Microsoft Visual Studio Solution File, Format Version 12.00
# Visual Studio Version 16
VisualStudioVersion = 16.0.31829.152
MinimumVisualStudioVersion = 10.0.40219.1
Project("{FAE04EC0-301F-11D3-BF4B-00C04F79EFBC}") = "TcWinApp", "TcWinApp\TcWinApp.csproj", "{38933AA2-669B-40C8-AC70-B5EF8B90CECF}"
EndProject
Global
	GlobalSection(SolutionConfigurationPlatforms) = preSolution
		Debug|Any CPU = Debug|Any CPU
		Release|Any CPU = Release|Any CPU
	EndGlobalSection
	GlobalSection(ProjectConfigurationPlatforms) = postSolution
		{38933AA2-669B-40C8-AC70-B5EF8B90CECF}.Debug|Any CPU.ActiveCfg = Debug|Any CPU
		{38933AA2-669B-40C8-AC70-B5EF8B90CECF}.Debug|Any CPU.Build.0 = Debug|Any CPU
		{38933AA2-669B-40C8-AC70-B5EF8B90CECF}.Release|Any CPU.ActiveCfg = Release|Any CPU
		{38933AA2-669B-40C8-AC70-B5EF8B90CECF}.Release|Any CPU.Build.0 = Release|Any CPU
	EndGlobalSection
	GlobalSection(SolutionProperties) = preSolution
		HideSolutionNode = FALSE
	EndGlobalSection
	GlobalSection(ExtensibilityGlobals) = postSolution
		SolutionGuid = {8B2BFCE0-548A-45EF-BDB4-491767263792}
	EndGlobalSection
EndGlobal
